
Microsoft Visual Studio Solution File, Format Version 12.00
# Visual Studio 15
VisualStudioVersion = 15.0.27703.2000
MinimumVisualStudioVersion = 10.0.40219.1
Project("{FAE04EC0-301F-11D3-BF4B-00C04F79EFBC}") = "Project", "Project.csproj", "{2FB7FFBA-9575-4199-9D27-AE9B5D00CA58}"
EndProject
Global
	GlobalSection(SolutionConfigurationPlatforms) = preSolution
		Debug|Any CPU = Debug|Any CPU
		Release|Any CPU = Release|Any CPU
	EndGlobalSection
	GlobalSection(ProjectConfigurationPlatforms) = postSolution
		{2FB7FFBA-9575-4199-9D27-AE9B5D00CA58}.Debug|Any CPU.ActiveCfg = Debug|Any CPU
		{2FB7FFBA-9575-4199-9D27-AE9B5D00CA58}.Debug|Any CPU.Build.0 = Debug|Any CPU
		{2FB7FFBA-9575-4199-9D27-AE9B5D00CA58}.Release|Any CPU.ActiveCfg = Release|Any CPU
		{2FB7FFBA-9575-4199-9D27-AE9B5D00CA58}.Release|Any CPU.Build.0 = Release|Any CPU
	EndGlobalSection
	GlobalSection(SolutionProperties) = preSolution
		HideSolutionNode = FALSE
	EndGlobalSection
	GlobalSection(ExtensibilityGlobals) = postSolution
		SolutionGuid = {3293FB2F-A80A-45DC-867C-AC6DC97B76BC}
	EndGlobalSection
EndGlobal
